{
  "nodes": {
    "cl-deps": {
      "inputs": {
        "nixpkgs": [
          "nixpkgs"
        ]
      },
      "locked": {
        "lastModified": 1778502888,
        "narHash": "sha256-KuY681tElzcB+unGFFh6JEFhH+QfUri2ujrW0x0hvEk=",
        "owner": "kleisli-io",
        "repo": "cl-deps",
        "rev": "416fac90f312e8d66b93e33107a26546a0e5312e",
        "type": "github"
      },
      "original": {
        "owner": "kleisli-io",
        "repo": "cl-deps",
        "type": "github"
      }
    },
    "nixpkgs": {
      "locked": {
        "lastModified": 1769018530,
        "narHash": "sha256-MJ27Cy2NtBEV5tsK+YraYr2g851f3Fl1LpNHDzDX15c=",
        "owner": "NixOS",
        "repo": "nixpkgs",
        "rev": "88d3861acdd3d2f0e361767018218e51810df8a1",
        "type": "github"
      },
      "original": {
        "owner": "NixOS",
        "repo": "nixpkgs",
        "rev": "88d3861acdd3d2f0e361767018218e51810df8a1",
        "type": "github"
      }
    },
    "root": {
      "inputs": {
        "cl-deps": "cl-deps",
        "nixpkgs": "nixpkgs"
      }
    }
  },
  "root": "root",
  "version": 7
}
